
Microsoft Visual Studio Solution File, Format Version 12.00
# Visual Studio 2017
Project("{FAE04EC0-301F-11D3-BF4B-00C04F79EFBC}") = "UnidentifiedAttackUnit20180205.Plugins", "UnidentifiedAttackUnit20180205.Plugins.csproj", "{654975F2-478A-2EBB-53CE-7D62A0BD0FFA}"
EndProject
Project("{FAE04EC0-301F-11D3-BF4B-00C04F79EFBC}") = "UnidentifiedAttackUnit20180205", "UnidentifiedAttackUnit20180205.csproj", "{40C4D149-B6F5-526F-B43E-C21FF082B325}"
EndProject
Project("{FAE04EC0-301F-11D3-BF4B-00C04F79EFBC}") = "UnidentifiedAttackUnit20180205.Editor", "UnidentifiedAttackUnit20180205.Editor.csproj", "{3308A0F5-7378-5816-1606-8C0EB9AF541A}"
EndProject
Global
	GlobalSection(SolutionConfigurationPlatforms) = preSolution
		Debug|Any CPU = Debug|Any CPU
		Release|Any CPU = Release|Any CPU
	EndGlobalSection
	GlobalSection(ProjectConfigurationPlatforms) = postSolution
		{654975F2-478A-2EBB-53CE-7D62A0BD0FFA}.Debug|Any CPU.ActiveCfg = Debug|Any CPU
		{654975F2-478A-2EBB-53CE-7D62A0BD0FFA}.Debug|Any CPU.Build.0 = Debug|Any CPU
		{654975F2-478A-2EBB-53CE-7D62A0BD0FFA}.Release|Any CPU.ActiveCfg = Release|Any CPU
		{654975F2-478A-2EBB-53CE-7D62A0BD0FFA}.Release|Any CPU.Build.0 = Release|Any CPU
		{40C4D149-B6F5-526F-B43E-C21FF082B325}.Debug|Any CPU.ActiveCfg = Debug|Any CPU
		{40C4D149-B6F5-526F-B43E-C21FF082B325}.Debug|Any CPU.Build.0 = Debug|Any CPU
		{40C4D149-B6F5-526F-B43E-C21FF082B325}.Release|Any CPU.ActiveCfg = Release|Any CPU
		{40C4D149-B6F5-526F-B43E-C21FF082B325}.Release|Any CPU.Build.0 = Release|Any CPU
		{3308A0F5-7378-5816-1606-8C0EB9AF541A}.Debug|Any CPU.ActiveCfg = Debug|Any CPU
		{3308A0F5-7378-5816-1606-8C0EB9AF541A}.Debug|Any CPU.Build.0 = Debug|Any CPU
		{3308A0F5-7378-5816-1606-8C0EB9AF541A}.Release|Any CPU.ActiveCfg = Release|Any CPU
		{3308A0F5-7378-5816-1606-8C0EB9AF541A}.Release|Any CPU.Build.0 = Release|Any CPU
	EndGlobalSection
	GlobalSection(SolutionProperties) = preSolution
		HideSolutionNode = FALSE
	EndGlobalSection
EndGlobal
