
Microsoft Visual Studio Solution File, Format Version 11.00
# Visual Studio 2010
Project("{FAE04EC0-301F-11D3-BF4B-00C04F79EFBC}") = "UnidentifiedAttackUnit", "Assembly-CSharp-firstpass.csproj", "{3D70EDA1-99B8-42C2-D302-17963494AA63}"
EndProject
Project("{FAE04EC0-301F-11D3-BF4B-00C04F79EFBC}") = "UnidentifiedAttackUnit", "Assembly-CSharp.csproj", "{15E2C722-3DD5-B86A-15A9-4CE88CBAA9F1}"
EndProject
Project("{FAE04EC0-301F-11D3-BF4B-00C04F79EFBC}") = "UnidentifiedAttackUnit", "Assembly-CSharp-Editor.csproj", "{379F5FEB-90FC-0271-B8CE-B624DE88196D}"
EndProject
Global
	GlobalSection(SolutionConfigurationPlatforms) = preSolution
		Debug|Any CPU = Debug|Any CPU
		Release|Any CPU = Release|Any CPU
	EndGlobalSection
	GlobalSection(ProjectConfigurationPlatforms) = postSolution
		{3D70EDA1-99B8-42C2-D302-17963494AA63}.Debug|Any CPU.ActiveCfg = Debug|Any CPU
		{3D70EDA1-99B8-42C2-D302-17963494AA63}.Debug|Any CPU.Build.0 = Debug|Any CPU
		{3D70EDA1-99B8-42C2-D302-17963494AA63}.Release|Any CPU.ActiveCfg = Release|Any CPU
		{3D70EDA1-99B8-42C2-D302-17963494AA63}.Release|Any CPU.Build.0 = Release|Any CPU
		{15E2C722-3DD5-B86A-15A9-4CE88CBAA9F1}.Debug|Any CPU.ActiveCfg = Debug|Any CPU
		{15E2C722-3DD5-B86A-15A9-4CE88CBAA9F1}.Debug|Any CPU.Build.0 = Debug|Any CPU
		{15E2C722-3DD5-B86A-15A9-4CE88CBAA9F1}.Release|Any CPU.ActiveCfg = Release|Any CPU
		{15E2C722-3DD5-B86A-15A9-4CE88CBAA9F1}.Release|Any CPU.Build.0 = Release|Any CPU
		{379F5FEB-90FC-0271-B8CE-B624DE88196D}.Debug|Any CPU.ActiveCfg = Debug|Any CPU
		{379F5FEB-90FC-0271-B8CE-B624DE88196D}.Debug|Any CPU.Build.0 = Debug|Any CPU
		{379F5FEB-90FC-0271-B8CE-B624DE88196D}.Release|Any CPU.ActiveCfg = Release|Any CPU
		{379F5FEB-90FC-0271-B8CE-B624DE88196D}.Release|Any CPU.Build.0 = Release|Any CPU
	EndGlobalSection
	GlobalSection(SolutionProperties) = preSolution
		HideSolutionNode = FALSE
	EndGlobalSection
	GlobalSection(MonoDevelopProperties) = preSolution
		StartupItem = Assembly-CSharp.csproj
	EndGlobalSection
EndGlobal
